{
  "name": "trimbleconnecttest-main",
  "version": "1.0.0",
  "lockfileVersion": 2,
  "requires": true,
  "packages": {
    "": {
      "name": "trimbleconnecttest-main",
      "version": "1.0.0",
      "license": "ISC",
      "dependencies": {
        "trimble-connect-workspace-api": "^0.2.1"
      }
    },
    "node_modules/trimble-connect-workspace-api": {
      "version": "0.2.1",
      "resolved": "https://registry.npmjs.org/trimble-connect-workspace-api/-/trimble-connect-workspace-api-0.2.1.tgz",
      "integrity": "sha512-i7nQEFikKy+zsp2IHOWoofzcBjoNLmyKFGoISpFdn1Py5uD1TZLcKcmGcrgMd8mfugrloGfLIGrhHnKu36ktug=="
    }
  },
  "dependencies": {
    "trimble-connect-workspace-api": {
      "version": "0.2.1",
      "resolved": "https://registry.npmjs.org/trimble-connect-workspace-api/-/trimble-connect-workspace-api-0.2.1.tgz",
      "integrity": "sha512-i7nQEFikKy+zsp2IHOWoofzcBjoNLmyKFGoISpFdn1Py5uD1TZLcKcmGcrgMd8mfugrloGfLIGrhHnKu36ktug=="
    }
  }
}
